# This file is autogenerated, do not edit; changes may be undone by the next 'dep ensure'.


[[projects]]
  name = "github.com/go-chi/chi"
  packages = ["."]
  revision = "e83ac2304db3c50cf03d96a2fcd39009d458bc35"
  version = "v3.3.2"

[[projects]]
  branch = "master"
  name = "github.com/unrolled/render"
  packages = ["."]
  revision = "65450fb6b2d3595beca39f969c411db8f8d5c806"

[solve-meta]
  analyzer-name = "dep"
  analyzer-version = 1
  inputs-digest = "49cd7729c36c548e84450bd74b5782172dd6a6b497839571fcbf2d317abcdabd"
  solver-name = "gps-cdcl"
  solver-version = 1
